
Microsoft Visual Studio Solution File, Format Version 12.00
# Visual Studio 2012
Project("{FAE04EC0-301F-11D3-BF4B-00C04F79EFBC}") = "MessagingSample", "MessagingSample\MessagingSample.csproj", "{AA75D4B0-97F5-48DA-ABBE-4B9607748EAA}"
EndProject
Project("{FAE04EC0-301F-11D3-BF4B-00C04F79EFBC}") = "MessagingSample.iOS", "iOS\MessagingSample.iOS.csproj", "{2CC5A452-3013-445D-B3AA-A87525472035}"
EndProject
Project("{FAE04EC0-301F-11D3-BF4B-00C04F79EFBC}") = "MessagingSample.Android", "Android\MessagingSample.Android.csproj", "{0D58DF46-9E99-4532-972E-3FDD794CF5B2}"
EndProject
Global
	GlobalSection(SolutionConfigurationPlatforms) = preSolution
		Debug|Any CPU = Debug|Any CPU
		Release|Any CPU = Release|Any CPU
		Debug|iPhoneSimulator = Debug|iPhoneSimulator
		Release|iPhoneSimulator = Release|iPhoneSimulator
		Debug|iPhone = Debug|iPhone
		Release|iPhone = Release|iPhone
		Ad-Hoc|iPhone = Ad-Hoc|iPhone
		AppStore|iPhone = AppStore|iPhone
	EndGlobalSection
	GlobalSection(ProjectConfigurationPlatforms) = postSolution
		{0D58DF46-9E99-4532-972E-3FDD794CF5B2}.Ad-Hoc|iPhone.ActiveCfg = Debug|Any CPU
		{0D58DF46-9E99-4532-972E-3FDD794CF5B2}.Ad-Hoc|iPhone.Build.0 = Debug|Any CPU
		{0D58DF46-9E99-4532-972E-3FDD794CF5B2}.AppStore|iPhone.ActiveCfg = Debug|Any CPU
		{0D58DF46-9E99-4532-972E-3FDD794CF5B2}.AppStore|iPhone.Build.0 = Debug|Any CPU
		{0D58DF46-9E99-4532-972E-3FDD794CF5B2}.Debug|Any CPU.ActiveCfg = Debug|Any CPU
		{0D58DF46-9E99-4532-972E-3FDD794CF5B2}.Debug|Any CPU.Build.0 = Debug|Any CPU
		{0D58DF46-9E99-4532-972E-3FDD794CF5B2}.Debug|iPhone.ActiveCfg = Debug|Any CPU
		{0D58DF46-9E99-4532-972E-3FDD794CF5B2}.Debug|iPhone.Build.0 = Debug|Any CPU
		{0D58DF46-9E99-4532-972E-3FDD794CF5B2}.Debug|iPhoneSimulator.ActiveCfg = Debug|Any CPU
		{0D58DF46-9E99-4532-972E-3FDD794CF5B2}.Debug|iPhoneSimulator.Build.0 = Debug|Any CPU
		{0D58DF46-9E99-4532-972E-3FDD794CF5B2}.Release|Any CPU.ActiveCfg = Release|Any CPU
		{0D58DF46-9E99-4532-972E-3FDD794CF5B2}.Release|Any CPU.Build.0 = Release|Any CPU
		{0D58DF46-9E99-4532-972E-3FDD794CF5B2}.Release|iPhone.ActiveCfg = Release|Any CPU
		{0D58DF46-9E99-4532-972E-3FDD794CF5B2}.Release|iPhone.Build.0 = Release|Any CPU
		{0D58DF46-9E99-4532-972E-3FDD794CF5B2}.Release|iPhoneSimulator.ActiveCfg = Release|Any CPU
		{0D58DF46-9E99-4532-972E-3FDD794CF5B2}.Release|iPhoneSimulator.Build.0 = Release|Any CPU
		{2CC5A452-3013-445D-B3AA-A87525472035}.Ad-Hoc|iPhone.ActiveCfg = Ad-Hoc|iPhone
		{2CC5A452-3013-445D-B3AA-A87525472035}.Ad-Hoc|iPhone.Build.0 = Ad-Hoc|iPhone
		{2CC5A452-3013-445D-B3AA-A87525472035}.AppStore|iPhone.ActiveCfg = AppStore|iPhone
		{2CC5A452-3013-445D-B3AA-A87525472035}.AppStore|iPhone.Build.0 = AppStore|iPhone
		{2CC5A452-3013-445D-B3AA-A87525472035}.Debug|Any CPU.ActiveCfg = Debug|iPhoneSimulator
		{2CC5A452-3013-445D-B3AA-A87525472035}.Debug|Any CPU.Build.0 = Debug|iPhoneSimulator
		{2CC5A452-3013-445D-B3AA-A87525472035}.Debug|iPhone.ActiveCfg = Debug|iPhone
		{2CC5A452-3013-445D-B3AA-A87525472035}.Debug|iPhone.Build.0 = Debug|iPhone
		{2CC5A452-3013-445D-B3AA-A87525472035}.Debug|iPhoneSimulator.ActiveCfg = Debug|iPhoneSimulator
		{2CC5A452-3013-445D-B3AA-A87525472035}.Debug|iPhoneSimulator.Build.0 = Debug|iPhoneSimulator
		{2CC5A452-3013-445D-B3AA-A87525472035}.Release|Any CPU.ActiveCfg = Release|iPhoneSimulator
		{2CC5A452-3013-445D-B3AA-A87525472035}.Release|Any CPU.Build.0 = Release|iPhoneSimulator
		{2CC5A452-3013-445D-B3AA-A87525472035}.Release|iPhone.ActiveCfg = Release|iPhone
		{2CC5A452-3013-445D-B3AA-A87525472035}.Release|iPhone.Build.0 = Release|iPhone
		{2CC5A452-3013-445D-B3AA-A87525472035}.Release|iPhoneSimulator.ActiveCfg = Release|iPhoneSimulator
		{2CC5A452-3013-445D-B3AA-A87525472035}.Release|iPhoneSimulator.Build.0 = Release|iPhoneSimulator
		{AA75D4B0-97F5-48DA-ABBE-4B9607748EAA}.Ad-Hoc|iPhone.ActiveCfg = Debug|Any CPU
		{AA75D4B0-97F5-48DA-ABBE-4B9607748EAA}.Ad-Hoc|iPhone.Build.0 = Debug|Any CPU
		{AA75D4B0-97F5-48DA-ABBE-4B9607748EAA}.AppStore|iPhone.ActiveCfg = Debug|Any CPU
		{AA75D4B0-97F5-48DA-ABBE-4B9607748EAA}.AppStore|iPhone.Build.0 = Debug|Any CPU
		{AA75D4B0-97F5-48DA-ABBE-4B9607748EAA}.Debug|Any CPU.ActiveCfg = Debug|Any CPU
		{AA75D4B0-97F5-48DA-ABBE-4B9607748EAA}.Debug|Any CPU.Build.0 = Debug|Any CPU
		{AA75D4B0-97F5-48DA-ABBE-4B9607748EAA}.Debug|iPhone.ActiveCfg = Debug|Any CPU
		{AA75D4B0-97F5-48DA-ABBE-4B9607748EAA}.Debug|iPhone.Build.0 = Debug|Any CPU
		{AA75D4B0-97F5-48DA-ABBE-4B9607748EAA}.Debug|iPhoneSimulator.ActiveCfg = Debug|Any CPU
		{AA75D4B0-97F5-48DA-ABBE-4B9607748EAA}.Debug|iPhoneSimulator.Build.0 = Debug|Any CPU
		{AA75D4B0-97F5-48DA-ABBE-4B9607748EAA}.Release|Any CPU.ActiveCfg = Release|Any CPU
		{AA75D4B0-97F5-48DA-ABBE-4B9607748EAA}.Release|Any CPU.Build.0 = Release|Any CPU
		{AA75D4B0-97F5-48DA-ABBE-4B9607748EAA}.Release|iPhone.ActiveCfg = Release|Any CPU
		{AA75D4B0-97F5-48DA-ABBE-4B9607748EAA}.Release|iPhone.Build.0 = Release|Any CPU
		{AA75D4B0-97F5-48DA-ABBE-4B9607748EAA}.Release|iPhoneSimulator.ActiveCfg = Release|Any CPU
		{AA75D4B0-97F5-48DA-ABBE-4B9607748EAA}.Release|iPhoneSimulator.Build.0 = Release|Any CPU
	EndGlobalSection
	GlobalSection(MonoDevelopProperties) = preSolution
		StartupItem = Android\MessagingSample.Android.csproj
	EndGlobalSection
EndGlobal
